
Microsoft Visual Studio Solution File, Format Version 12.00
# Visual Studio Version 17
VisualStudioVersion = 17.8.34511.84
MinimumVisualStudioVersion = 10.0.40219.1
Project("{9A19103F-16F7-4668-BE54-9A1E7A4F7556}") = "RefactorThis.Domain1", "RefactorThis.Domain1\RefactorThis.Domain1.csproj", "{F638288B-59F8-484B-A0E5-0A1A62CBC8FA}"
EndProject
Project("{9A19103F-16F7-4668-BE54-9A1E7A4F7556}") = "RefactorThis.Persistence1", "RefactorThis.Persistence1\RefactorThis.Persistence1.csproj", "{8F8400FC-4D79-42E2-935D-855D920B17A7}"
EndProject
Project("{9A19103F-16F7-4668-BE54-9A1E7A4F7556}") = "RefactorThis.Domain.Tests1", "RefactorThis.Domain.Tests1\RefactorThis.Domain.Tests1.csproj", "{78D08A6D-6754-45CF-84C2-AB4500703ABE}"
EndProject
Global
	GlobalSection(SolutionConfigurationPlatforms) = preSolution
		Debug|Any CPU = Debug|Any CPU
		Release|Any CPU = Release|Any CPU
	EndGlobalSection
	GlobalSection(ProjectConfigurationPlatforms) = postSolution
		{F638288B-59F8-484B-A0E5-0A1A62CBC8FA}.Debug|Any CPU.ActiveCfg = Debug|Any CPU
		{F638288B-59F8-484B-A0E5-0A1A62CBC8FA}.Debug|Any CPU.Build.0 = Debug|Any CPU
		{F638288B-59F8-484B-A0E5-0A1A62CBC8FA}.Release|Any CPU.ActiveCfg = Release|Any CPU
		{F638288B-59F8-484B-A0E5-0A1A62CBC8FA}.Release|Any CPU.Build.0 = Release|Any CPU
		{8F8400FC-4D79-42E2-935D-855D920B17A7}.Debug|Any CPU.ActiveCfg = Debug|Any CPU
		{8F8400FC-4D79-42E2-935D-855D920B17A7}.Debug|Any CPU.Build.0 = Debug|Any CPU
		{8F8400FC-4D79-42E2-935D-855D920B17A7}.Release|Any CPU.ActiveCfg = Release|Any CPU
		{8F8400FC-4D79-42E2-935D-855D920B17A7}.Release|Any CPU.Build.0 = Release|Any CPU
		{78D08A6D-6754-45CF-84C2-AB4500703ABE}.Debug|Any CPU.ActiveCfg = Debug|Any CPU
		{78D08A6D-6754-45CF-84C2-AB4500703ABE}.Debug|Any CPU.Build.0 = Debug|Any CPU
		{78D08A6D-6754-45CF-84C2-AB4500703ABE}.Release|Any CPU.ActiveCfg = Release|Any CPU
		{78D08A6D-6754-45CF-84C2-AB4500703ABE}.Release|Any CPU.Build.0 = Release|Any CPU
	EndGlobalSection
	GlobalSection(SolutionProperties) = preSolution
		HideSolutionNode = FALSE
	EndGlobalSection
	GlobalSection(ExtensibilityGlobals) = postSolution
		SolutionGuid = {872B1E71-D14F-4081-A740-414CF632541B}
	EndGlobalSection
EndGlobal
