
Microsoft Visual Studio Solution File, Format Version 12.00
# Visual Studio Version 17
VisualStudioVersion = 17.10.34928.147
MinimumVisualStudioVersion = 10.0.40219.1
Project("{FAE04EC0-301F-11D3-BF4B-00C04F79EFBC}") = "RefactorThis.Domain", "RefactorThis.Domain\RefactorThis.Domain.csproj", "{26E4ACE4-8AFD-4270-8A74-A3990ED45097}"
EndProject
Project("{FAE04EC0-301F-11D3-BF4B-00C04F79EFBC}") = "RefactorThis.Domain.Tests", "RefactorThis.Domain.Tests\RefactorThis.Domain.Tests.csproj", "{6804F3C0-CE3D-4CCB-9AFB-04F225047CDD}"
EndProject
Project("{FAE04EC0-301F-11D3-BF4B-00C04F79EFBC}") = "RefactorThis.Persistence", "RefactorThis.Persistence\RefactorThis.Persistence.csproj", "{E8045046-1B9E-4B2E-8910-83C857E9BF03}"
EndProject
Global
	GlobalSection(SolutionConfigurationPlatforms) = preSolution
		Debug|Any CPU = Debug|Any CPU
		Release|Any CPU = Release|Any CPU
	EndGlobalSection
	GlobalSection(ProjectConfigurationPlatforms) = postSolution
		{26E4ACE4-8AFD-4270-8A74-A3990ED45097}.Debug|Any CPU.ActiveCfg = Debug|Any CPU
		{26E4ACE4-8AFD-4270-8A74-A3990ED45097}.Debug|Any CPU.Build.0 = Debug|Any CPU
		{26E4ACE4-8AFD-4270-8A74-A3990ED45097}.Release|Any CPU.ActiveCfg = Release|Any CPU
		{26E4ACE4-8AFD-4270-8A74-A3990ED45097}.Release|Any CPU.Build.0 = Release|Any CPU
		{6804F3C0-CE3D-4CCB-9AFB-04F225047CDD}.Debug|Any CPU.ActiveCfg = Debug|Any CPU
		{6804F3C0-CE3D-4CCB-9AFB-04F225047CDD}.Debug|Any CPU.Build.0 = Debug|Any CPU
		{6804F3C0-CE3D-4CCB-9AFB-04F225047CDD}.Release|Any CPU.ActiveCfg = Release|Any CPU
		{6804F3C0-CE3D-4CCB-9AFB-04F225047CDD}.Release|Any CPU.Build.0 = Release|Any CPU
		{E8045046-1B9E-4B2E-8910-83C857E9BF03}.Debug|Any CPU.ActiveCfg = Debug|Any CPU
		{E8045046-1B9E-4B2E-8910-83C857E9BF03}.Debug|Any CPU.Build.0 = Debug|Any CPU
		{E8045046-1B9E-4B2E-8910-83C857E9BF03}.Release|Any CPU.ActiveCfg = Release|Any CPU
		{E8045046-1B9E-4B2E-8910-83C857E9BF03}.Release|Any CPU.Build.0 = Release|Any CPU
	EndGlobalSection
	GlobalSection(SolutionProperties) = preSolution
		HideSolutionNode = FALSE
	EndGlobalSection
	GlobalSection(ExtensibilityGlobals) = postSolution
		SolutionGuid = {BF332D2D-BC56-40DD-9DC0-71A3651CEB22}
	EndGlobalSection
EndGlobal
